
Microsoft Visual Studio Solution File, Format Version 12.00
# Visual Studio Version 17
VisualStudioVersion = 17.0.31903.59
MinimumVisualStudioVersion = 10.0.40219.1
Project("{FAE04EC0-301F-11D3-BF4B-00C04F79EFBC}") = "Core", "Core\Core.csproj", "{45A837D8-2F62-455B-9295-00D4D32130F7}"
EndProject
Project("{FAE04EC0-301F-11D3-BF4B-00C04F79EFBC}") = "Infrastructure", "Infrastructure\Infrastructure.csproj", "{1E0459A3-F193-4D69-A347-27827453E3F4}"
EndProject
Project("{FAE04EC0-301F-11D3-BF4B-00C04F79EFBC}") = "Application", "Application\Application.csproj", "{A5871631-0A32-430E-8D08-BF9FAC893A0D}"
EndProject
Project("{FAE04EC0-301F-11D3-BF4B-00C04F79EFBC}") = "WebApi", "WebApi\WebApi.csproj", "{4DFF46FF-9655-4708-8507-6F72525AD4B9}"
EndProject
Global
	GlobalSection(SolutionConfigurationPlatforms) = preSolution
		Debug|Any CPU = Debug|Any CPU
		Release|Any CPU = Release|Any CPU
	EndGlobalSection
	GlobalSection(SolutionProperties) = preSolution
		HideSolutionNode = FALSE
	EndGlobalSection
	GlobalSection(ProjectConfigurationPlatforms) = postSolution
		{45A837D8-2F62-455B-9295-00D4D32130F7}.Debug|Any CPU.ActiveCfg = Debug|Any CPU
		{45A837D8-2F62-455B-9295-00D4D32130F7}.Debug|Any CPU.Build.0 = Debug|Any CPU
		{45A837D8-2F62-455B-9295-00D4D32130F7}.Release|Any CPU.ActiveCfg = Release|Any CPU
		{45A837D8-2F62-455B-9295-00D4D32130F7}.Release|Any CPU.Build.0 = Release|Any CPU
		{1E0459A3-F193-4D69-A347-27827453E3F4}.Debug|Any CPU.ActiveCfg = Debug|Any CPU
		{1E0459A3-F193-4D69-A347-27827453E3F4}.Debug|Any CPU.Build.0 = Debug|Any CPU
		{1E0459A3-F193-4D69-A347-27827453E3F4}.Release|Any CPU.ActiveCfg = Release|Any CPU
		{1E0459A3-F193-4D69-A347-27827453E3F4}.Release|Any CPU.Build.0 = Release|Any CPU
		{A5871631-0A32-430E-8D08-BF9FAC893A0D}.Debug|Any CPU.ActiveCfg = Debug|Any CPU
		{A5871631-0A32-430E-8D08-BF9FAC893A0D}.Debug|Any CPU.Build.0 = Debug|Any CPU
		{A5871631-0A32-430E-8D08-BF9FAC893A0D}.Release|Any CPU.ActiveCfg = Release|Any CPU
		{A5871631-0A32-430E-8D08-BF9FAC893A0D}.Release|Any CPU.Build.0 = Release|Any CPU
		{4DFF46FF-9655-4708-8507-6F72525AD4B9}.Debug|Any CPU.ActiveCfg = Debug|Any CPU
		{4DFF46FF-9655-4708-8507-6F72525AD4B9}.Debug|Any CPU.Build.0 = Debug|Any CPU
		{4DFF46FF-9655-4708-8507-6F72525AD4B9}.Release|Any CPU.ActiveCfg = Release|Any CPU
		{4DFF46FF-9655-4708-8507-6F72525AD4B9}.Release|Any CPU.Build.0 = Release|Any CPU
	EndGlobalSection
EndGlobal
